// !$*UTF8*$!
{
	archiveVersion = 1;
	classes = {
	};
	objectVersion = 52;
	objects = {

/* Begin PBXBuildFile section */
		BDFCC14523FD796A00190E36 /* main.swift in Sources */ = {isa = PBXBuildFile; fileRef = BDFCC14423FD796A00190E36 /* main.swift */; };
		BDFCC14D23FD7A4500190E36 /* Stencil in Frameworks */ = {isa = PBXBuildFile; productRef = BDFCC14C23FD7A4500190E36 /* Stencil */; };
		BDFCC16023FD8D5300190E36 /* Random.swift in Sources */ = {isa = PBXBuildFile; fileRef = BDFCC15F23FD8D5300190E36 /* Random.swift */; };
		BDFCC16D23FD99A500190E36 /* SwiftCLI in Frameworks */ = {isa = PBXBuildFile; productRef = BDFCC16C23FD99A500190E36 /* SwiftCLI */; };
		BDFCC17023FD99EB00190E36 /* Yams in Frameworks */ = {isa = PBXBuildFile; productRef = BDFCC16F23FD99EB00190E36 /* Yams */; };
		BDFCC17223FD9D3C00190E36 /* GenerateCommand.swift in Sources */ = {isa = PBXBuildFile; fileRef = BDFCC17123FD9D3C00190E36 /* GenerateCommand.swift */; };
		BDFCC17423FD9D5800190E36 /* Generator.swift in Sources */ = {isa = PBXBuildFile; fileRef = BDFCC17323FD9D5800190E36 /* Generator.swift */; };
/* End PBXBuildFile section */

/* Begin PBXCopyFilesBuildPhase section */
		BDFCC13F23FD796A00190E36 /* CopyFiles */ = {
			isa = PBXCopyFilesBuildPhase;
			buildActionMask = 2147483647;
			dstPath = /usr/share/man/man1/;
			dstSubfolderSpec = 0;
			files = (
			);
			runOnlyForDeploymentPostprocessing = 1;
		};
/* End PBXCopyFilesBuildPhase section */

/* Begin PBXFileReference section */
		BDFCC14123FD796A00190E36 /* SecretsSwift */ = {isa = PBXFileReference; explicitFileType = "compiled.mach-o.executable"; includeInIndex = 0; path = SecretsSwift; sourceTree = BUILT_PRODUCTS_DIR; };
		BDFCC14423FD796A00190E36 /* main.swift */ = {isa = PBXFileReference; lastKnownFileType = sourcecode.swift; path = main.swift; sourceTree = "<group>"; };
		BDFCC15723FD80C300190E36 /* Info.plist */ = {isa = PBXFileReference; lastKnownFileType = text.plist.xml; path = Info.plist; sourceTree = "<group>"; };
		BDFCC15F23FD8D5300190E36 /* Random.swift */ = {isa = PBXFileReference; lastKnownFileType = sourcecode.swift; path = Random.swift; sourceTree = "<group>"; };
		BDFCC17123FD9D3C00190E36 /* GenerateCommand.swift */ = {isa = PBXFileReference; fileEncoding = 4; lastKnownFileType = sourcecode.swift; path = GenerateCommand.swift; sourceTree = "<group>"; };
		BDFCC17323FD9D5800190E36 /* Generator.swift */ = {isa = PBXFileReference; lastKnownFileType = sourcecode.swift; path = Generator.swift; sourceTree = "<group>"; };
/* End PBXFileReference section */

/* Begin PBXFrameworksBuildPhase section */
		BDFCC13E23FD796A00190E36 /* Frameworks */ = {
			isa = PBXFrameworksBuildPhase;
			buildActionMask = 2147483647;
			files = (
				BDFCC14D23FD7A4500190E36 /* Stencil in Frameworks */,
				BDFCC17023FD99EB00190E36 /* Yams in Frameworks */,
				BDFCC16D23FD99A500190E36 /* SwiftCLI in Frameworks */,
			);
			runOnlyForDeploymentPostprocessing = 0;
		};
/* End PBXFrameworksBuildPhase section */

/* Begin PBXGroup section */
		BDFCC13823FD796A00190E36 = {
			isa = PBXGroup;
			children = (
				BDFCC14323FD796A00190E36 /* SecretsSwift */,
				BDFCC15623FD80C300190E36 /* Templates */,
				BDFCC14223FD796A00190E36 /* Products */,
			);
			sourceTree = "<group>";
		};
		BDFCC14223FD796A00190E36 /* Products */ = {
			isa = PBXGroup;
			children = (
				BDFCC14123FD796A00190E36 /* SecretsSwift */,
			);
			name = Products;
			sourceTree = "<group>";
		};
		BDFCC14323FD796A00190E36 /* SecretsSwift */ = {
			isa = PBXGroup;
			children = (
				BDFCC14423FD796A00190E36 /* main.swift */,
				BDFCC15F23FD8D5300190E36 /* Random.swift */,
				BDFCC17123FD9D3C00190E36 /* GenerateCommand.swift */,
				BDFCC17323FD9D5800190E36 /* Generator.swift */,
			);
			path = SecretsSwift;
			sourceTree = "<group>";
		};
		BDFCC15623FD80C300190E36 /* Templates */ = {
			isa = PBXGroup;
			children = (
				BDFCC15723FD80C300190E36 /* Info.plist */,
			);
			path = Templates;
			sourceTree = "<group>";
		};
/* End PBXGroup section */

/* Begin PBXNativeTarget section */
		BDFCC14023FD796A00190E36 /* SecretsSwift */ = {
			isa = PBXNativeTarget;
			buildConfigurationList = BDFCC14823FD796A00190E36 /* Build configuration list for PBXNativeTarget "SecretsSwift" */;
			buildPhases = (
				BDFCC13D23FD796A00190E36 /* Sources */,
				BDFCC13E23FD796A00190E36 /* Frameworks */,
				BDFCC13F23FD796A00190E36 /* CopyFiles */,
			);
			buildRules = (
			);
			dependencies = (
			);
			name = SecretsSwift;
			packageProductDependencies = (
				BDFCC14C23FD7A4500190E36 /* Stencil */,
				BDFCC16C23FD99A500190E36 /* SwiftCLI */,
				BDFCC16F23FD99EB00190E36 /* Yams */,
			);
			productName = SecretsSwift;
			productReference = BDFCC14123FD796A00190E36 /* SecretsSwift */;
			productType = "com.apple.product-type.tool";
		};
/* End PBXNativeTarget section */

/* Begin PBXProject section */
		BDFCC13923FD796A00190E36 /* Project object */ = {
			isa = PBXProject;
			attributes = {
				LastSwiftUpdateCheck = 1130;
				LastUpgradeCheck = 1130;
				ORGANIZATIONNAME = matheus.filipe.bispo;
				TargetAttributes = {
					BDFCC14023FD796A00190E36 = {
						CreatedOnToolsVersion = 11.3.1;
					};
				};
			};
			buildConfigurationList = BDFCC13C23FD796A00190E36 /* Build configuration list for PBXProject "SecretsSwift" */;
			compatibilityVersion = "Xcode 9.3";
			developmentRegion = en;
			hasScannedForEncodings = 0;
			knownRegions = (
				en,
				Base,
			);
			mainGroup = BDFCC13823FD796A00190E36;
			packageReferences = (
				BDFCC14B23FD7A4500190E36 /* XCRemoteSwiftPackageReference "Stencil" */,
				BDFCC16B23FD99A500190E36 /* XCRemoteSwiftPackageReference "SwiftCLI" */,
				BDFCC16E23FD99EB00190E36 /* XCRemoteSwiftPackageReference "Yams" */,
			);
			productRefGroup = BDFCC14223FD796A00190E36 /* Products */;
			projectDirPath = "";
			projectRoot = "";
			targets = (
				BDFCC14023FD796A00190E36 /* SecretsSwift */,
			);
		};
/* End PBXProject section */

/* Begin PBXSourcesBuildPhase section */
		BDFCC13D23FD796A00190E36 /* Sources */ = {
			isa = PBXSourcesBuildPhase;
			buildActionMask = 2147483647;
			files = (
				BDFCC17223FD9D3C00190E36 /* GenerateCommand.swift in Sources */,
				BDFCC17423FD9D5800190E36 /* Generator.swift in Sources */,
				BDFCC16023FD8D5300190E36 /* Random.swift in Sources */,
				BDFCC14523FD796A00190E36 /* main.swift in Sources */,
			);
			runOnlyForDeploymentPostprocessing = 0;
		};
/* End PBXSourcesBuildPhase section */

/* Begin XCBuildConfiguration section */
		BDFCC14623FD796A00190E36 /* Debug */ = {
			isa = XCBuildConfiguration;
			buildSettings = {
				ALWAYS_SEARCH_USER_PATHS = NO;
				CLANG_ANALYZER_NONNULL = YES;
				CLANG_ANALYZER_NUMBER_OBJECT_CONVERSION = YES_AGGRESSIVE;
				CLANG_CXX_LANGUAGE_STANDARD = "gnu++14";
				CLANG_CXX_LIBRARY = "libc++";
				CLANG_ENABLE_MODULES = YES;
				CLANG_ENABLE_OBJC_ARC = YES;
				CLANG_ENABLE_OBJC_WEAK = YES;
				CLANG_WARN_BLOCK_CAPTURE_AUTORELEASING = YES;
				CLANG_WARN_BOOL_CONVERSION = YES;
				CLANG_WARN_COMMA = YES;
				CLANG_WARN_CONSTANT_CONVERSION = YES;
				CLANG_WARN_DEPRECATED_OBJC_IMPLEMENTATIONS = YES;
				CLANG_WARN_DIRECT_OBJC_ISA_USAGE = YES_ERROR;
				CLANG_WARN_DOCUMENTATION_COMMENTS = YES;
				CLANG_WARN_EMPTY_BODY = YES;
				CLANG_WARN_ENUM_CONVERSION = YES;
				CLANG_WARN_INFINITE_RECURSION = YES;
				CLANG_WARN_INT_CONVERSION = YES;
				CLANG_WARN_NON_LITERAL_NULL_CONVERSION = YES;
				CLANG_WARN_OBJC_IMPLICIT_RETAIN_SELF = YES;
				CLANG_WARN_OBJC_LITERAL_CONVERSION = YES;
				CLANG_WARN_OBJC_ROOT_CLASS = YES_ERROR;
				CLANG_WARN_RANGE_LOOP_ANALYSIS = YES;
				CLANG_WARN_STRICT_PROTOTYPES = YES;
				CLANG_WARN_SUSPICIOUS_MOVE = YES;
				CLANG_WARN_UNGUARDED_AVAILABILITY = YES_AGGRESSIVE;
				CLANG_WARN_UNREACHABLE_CODE = YES;
				CLANG_WARN__DUPLICATE_METHOD_MATCH = YES;
				COPY_PHASE_STRIP = NO;
				DEBUG_INFORMATION_FORMAT = dwarf;
				ENABLE_STRICT_OBJC_MSGSEND = YES;
				ENABLE_TESTABILITY = YES;
				GCC_C_LANGUAGE_STANDARD = gnu11;
				GCC_DYNAMIC_NO_PIC = NO;
				GCC_NO_COMMON_BLOCKS = YES;
				GCC_OPTIMIZATION_LEVEL = 0;
				GCC_PREPROCESSOR_DEFINITIONS = (
					"DEBUG=1",
					"$(inherited)",
				);
				GCC_WARN_64_TO_32_BIT_CONVERSION = YES;
				GCC_WARN_ABOUT_RETURN_TYPE = YES_ERROR;
				GCC_WARN_UNDECLARED_SELECTOR = YES;
				GCC_WARN_UNINITIALIZED_AUTOS = YES_AGGRESSIVE;
				GCC_WARN_UNUSED_FUNCTION = YES;
				GCC_WARN_UNUSED_VARIABLE = YES;
				MACOSX_DEPLOYMENT_TARGET = 10.14;
				MTL_ENABLE_DEBUG_INFO = INCLUDE_SOURCE;
				MTL_FAST_MATH = YES;
				ONLY_ACTIVE_ARCH = YES;
				SDKROOT = macosx;
				SWIFT_ACTIVE_COMPILATION_CONDITIONS = DEBUG;
				SWIFT_OPTIMIZATION_LEVEL = "-Onone";
			};
			name = Debug;
		};
		BDFCC14723FD796A00190E36 /* Release */ = {
			isa = XCBuildConfiguration;
			buildSettings = {
				ALWAYS_SEARCH_USER_PATHS = NO;
				CLANG_ANALYZER_NONNULL = YES;
				CLANG_ANALYZER_NUMBER_OBJECT_CONVERSION = YES_AGGRESSIVE;
				CLANG_CXX_LANGUAGE_STANDARD = "gnu++14";
				CLANG_CXX_LIBRARY = "libc++";
				CLANG_ENABLE_MODULES = YES;
				CLANG_ENABLE_OBJC_ARC = YES;
				CLANG_ENABLE_OBJC_WEAK = YES;
				CLANG_WARN_BLOCK_CAPTURE_AUTORELEASING = YES;
				CLANG_WARN_BOOL_CONVERSION = YES;
				CLANG_WARN_COMMA = YES;
				CLANG_WARN_CONSTANT_CONVERSION = YES;
				CLANG_WARN_DEPRECATED_OBJC_IMPLEMENTATIONS = YES;
				CLANG_WARN_DIRECT_OBJC_ISA_USAGE = YES_ERROR;
				CLANG_WARN_DOCUMENTATION_COMMENTS = YES;
				CLANG_WARN_EMPTY_BODY = YES;
				CLANG_WARN_ENUM_CONVERSION = YES;
				CLANG_WARN_INFINITE_RECURSION = YES;
				CLANG_WARN_INT_CONVERSION = YES;
				CLANG_WARN_NON_LITERAL_NULL_CONVERSION = YES;
				CLANG_WARN_OBJC_IMPLICIT_RETAIN_SELF = YES;
				CLANG_WARN_OBJC_LITERAL_CONVERSION = YES;
				CLANG_WARN_OBJC_ROOT_CLASS = YES_ERROR;
				CLANG_WARN_RANGE_LOOP_ANALYSIS = YES;
				CLANG_WARN_STRICT_PROTOTYPES = YES;
				CLANG_WARN_SUSPICIOUS_MOVE = YES;
				CLANG_WARN_UNGUARDED_AVAILABILITY = YES_AGGRESSIVE;
				CLANG_WARN_UNREACHABLE_CODE = YES;
				CLANG_WARN__DUPLICATE_METHOD_MATCH = YES;
				COPY_PHASE_STRIP = NO;
				DEBUG_INFORMATION_FORMAT = "dwarf-with-dsym";
				ENABLE_NS_ASSERTIONS = NO;
				ENABLE_STRICT_OBJC_MSGSEND = YES;
				GCC_C_LANGUAGE_STANDARD = gnu11;
				GCC_NO_COMMON_BLOCKS = YES;
				GCC_WARN_64_TO_32_BIT_CONVERSION = YES;
				GCC_WARN_ABOUT_RETURN_TYPE = YES_ERROR;
				GCC_WARN_UNDECLARED_SELECTOR = YES;
				GCC_WARN_UNINITIALIZED_AUTOS = YES_AGGRESSIVE;
				GCC_WARN_UNUSED_FUNCTION = YES;
				GCC_WARN_UNUSED_VARIABLE = YES;
				MACOSX_DEPLOYMENT_TARGET = 10.14;
				MTL_ENABLE_DEBUG_INFO = NO;
				MTL_FAST_MATH = YES;
				SDKROOT = macosx;
				SWIFT_COMPILATION_MODE = wholemodule;
				SWIFT_OPTIMIZATION_LEVEL = "-O";
			};
			name = Release;
		};
		BDFCC14923FD796A00190E36 /* Debug */ = {
			isa = XCBuildConfiguration;
			buildSettings = {
				CODE_SIGN_STYLE = Automatic;
				DEVELOPMENT_TEAM = DVMDCJRNKS;
				ENABLE_HARDENED_RUNTIME = YES;
				PRODUCT_NAME = "$(TARGET_NAME)";
				SWIFT_VERSION = 5.0;
			};
			name = Debug;
		};
		BDFCC14A23FD796A00190E36 /* Release */ = {
			isa = XCBuildConfiguration;
			buildSettings = {
				CODE_SIGN_STYLE = Automatic;
				DEVELOPMENT_TEAM = DVMDCJRNKS;
				ENABLE_HARDENED_RUNTIME = YES;
				PRODUCT_NAME = "$(TARGET_NAME)";
				SWIFT_VERSION = 5.0;
			};
			name = Release;
		};
/* End XCBuildConfiguration section */

/* Begin XCConfigurationList section */
		BDFCC13C23FD796A00190E36 /* Build configuration list for PBXProject "SecretsSwift" */ = {
			isa = XCConfigurationList;
			buildConfigurations = (
				BDFCC14623FD796A00190E36 /* Debug */,
				BDFCC14723FD796A00190E36 /* Release */,
			);
			defaultConfigurationIsVisible = 0;
			defaultConfigurationName = Release;
		};
		BDFCC14823FD796A00190E36 /* Build configuration list for PBXNativeTarget "SecretsSwift" */ = {
			isa = XCConfigurationList;
			buildConfigurations = (
				BDFCC14923FD796A00190E36 /* Debug */,
				BDFCC14A23FD796A00190E36 /* Release */,
			);
			defaultConfigurationIsVisible = 0;
			defaultConfigurationName = Release;
		};
/* End XCConfigurationList section */

/* Begin XCRemoteSwiftPackageReference section */
		BDFCC14B23FD7A4500190E36 /* XCRemoteSwiftPackageReference "Stencil" */ = {
			isa = XCRemoteSwiftPackageReference;
			repositoryURL = "https://github.com/stencilproject/Stencil.git";
			requirement = {
				kind = upToNextMajorVersion;
				minimumVersion = 0.13.1;
			};
		};
		BDFCC16B23FD99A500190E36 /* XCRemoteSwiftPackageReference "SwiftCLI" */ = {
			isa = XCRemoteSwiftPackageReference;
			repositoryURL = "https://github.com/jakeheis/SwiftCLI.git";
			requirement = {
				kind = upToNextMajorVersion;
				minimumVersion = 6.0.1;
			};
		};
		BDFCC16E23FD99EB00190E36 /* XCRemoteSwiftPackageReference "Yams" */ = {
			isa = XCRemoteSwiftPackageReference;
			repositoryURL = "https://github.com/jpsim/Yams.git";
			requirement = {
				kind = upToNextMajorVersion;
				minimumVersion = 2.0.0;
			};
		};
/* End XCRemoteSwiftPackageReference section */

/* Begin XCSwiftPackageProductDependency section */
		BDFCC14C23FD7A4500190E36 /* Stencil */ = {
			isa = XCSwiftPackageProductDependency;
			package = BDFCC14B23FD7A4500190E36 /* XCRemoteSwiftPackageReference "Stencil" */;
			productName = Stencil;
		};
		BDFCC16C23FD99A500190E36 /* SwiftCLI */ = {
			isa = XCSwiftPackageProductDependency;
			package = BDFCC16B23FD99A500190E36 /* XCRemoteSwiftPackageReference "SwiftCLI" */;
			productName = SwiftCLI;
		};
		BDFCC16F23FD99EB00190E36 /* Yams */ = {
			isa = XCSwiftPackageProductDependency;
			package = BDFCC16E23FD99EB00190E36 /* XCRemoteSwiftPackageReference "Yams" */;
			productName = Yams;
		};
/* End XCSwiftPackageProductDependency section */
	};
	rootObject = BDFCC13923FD796A00190E36 /* Project object */;
}
